// !$*UTF8*$!
{
	archiveVersion = 1;
	classes = {
	};
	objectVersion = 56;
	objects = {

/* Begin PBXBuildFile section */
		B00100000000000000000001 /* ChemVaultApp.swift in Sources */ = {isa = PBXBuildFile; fileRef = F00100000000000000000001 /* ChemVaultApp.swift */; };
		B00100000000000000000002 /* RootView.swift in Sources */ = {isa = PBXBuildFile; fileRef = F00100000000000000000002 /* RootView.swift */; };
		B00100000000000000000003 /* WebView.swift in Sources */ = {isa = PBXBuildFile; fileRef = F00100000000000000000003 /* WebView.swift */; };
		B00100000000000000000004 /* LoadingView.swift in Sources */ = {isa = PBXBuildFile; fileRef = F00100000000000000000004 /* LoadingView.swift */; };
		B00100000000000000000005 /* ErrorView.swift in Sources */ = {isa = PBXBuildFile; fileRef = F00100000000000000000005 /* ErrorView.swift */; };
		B00100000000000000000006 /* RegionDetector.swift in Sources */ = {isa = PBXBuildFile; fileRef = F00100000000000000000006 /* RegionDetector.swift */; };
		B00100000000000000000007 /* WebResourceResolver.swift in Sources */ = {isa = PBXBuildFile; fileRef = F00100000000000000000007 /* WebResourceResolver.swift */; };
		B00100000000000000000008 /* AppBootstrapper.swift in Sources */ = {isa = PBXBuildFile; fileRef = F00100000000000000000008 /* AppBootstrapper.swift */; };
		B00100000000000000000009 /* AppRegion.swift in Sources */ = {isa = PBXBuildFile; fileRef = F00100000000000000000009 /* AppRegion.swift */; };
		B00100000000000000000010 /* WebBundleVariant.swift in Sources */ = {isa = PBXBuildFile; fileRef = F00100000000000000000010 /* WebBundleVariant.swift */; };
		B00100000000000000000011 /* AppConfig.swift in Sources */ = {isa = PBXBuildFile; fileRef = F00100000000000000000011 /* AppConfig.swift */; };
		B00100000000000000000012 /* Web in Resources */ = {isa = PBXBuildFile; fileRef = F00100000000000000000012 /* Web */; };
		B00200000000000000000001 /* ChemVaultApp.swift in Sources */ = {isa = PBXBuildFile; fileRef = F00100000000000000000001 /* ChemVaultApp.swift */; };
		B00200000000000000000002 /* RootView.swift in Sources */ = {isa = PBXBuildFile; fileRef = F00100000000000000000002 /* RootView.swift */; };
		B00200000000000000000003 /* WebView.swift in Sources */ = {isa = PBXBuildFile; fileRef = F00100000000000000000003 /* WebView.swift */; };
		B00200000000000000000004 /* LoadingView.swift in Sources */ = {isa = PBXBuildFile; fileRef = F00100000000000000000004 /* LoadingView.swift */; };
		B00200000000000000000005 /* ErrorView.swift in Sources */ = {isa = PBXBuildFile; fileRef = F00100000000000000000005 /* ErrorView.swift */; };
		B00200000000000000000006 /* RegionDetector.swift in Sources */ = {isa = PBXBuildFile; fileRef = F00100000000000000000006 /* RegionDetector.swift */; };
		B00200000000000000000007 /* WebResourceResolver.swift in Sources */ = {isa = PBXBuildFile; fileRef = F00100000000000000000007 /* WebResourceResolver.swift */; };
		B00200000000000000000008 /* AppBootstrapper.swift in Sources */ = {isa = PBXBuildFile; fileRef = F00100000000000000000008 /* AppBootstrapper.swift */; };
		B00200000000000000000009 /* AppRegion.swift in Sources */ = {isa = PBXBuildFile; fileRef = F00100000000000000000009 /* AppRegion.swift */; };
		B00200000000000000000010 /* WebBundleVariant.swift in Sources */ = {isa = PBXBuildFile; fileRef = F00100000000000000000010 /* WebBundleVariant.swift */; };
		B00200000000000000000011 /* AppConfig.swift in Sources */ = {isa = PBXBuildFile; fileRef = F00100000000000000000011 /* AppConfig.swift */; };
		B00200000000000000000012 /* Web in Resources */ = {isa = PBXBuildFile; fileRef = F00100000000000000000012 /* Web */; };
/* End PBXBuildFile section */

/* Begin PBXFileReference section */
		F00100000000000000000001 /* ChemVaultApp.swift */ = {isa = PBXFileReference; lastKnownFileType = sourcecode.swift; path = ChemVaultApp.swift; sourceTree = "<group>"; };
		F00100000000000000000002 /* RootView.swift */ = {isa = PBXFileReference; lastKnownFileType = sourcecode.swift; path = RootView.swift; sourceTree = "<group>"; };
		F00100000000000000000003 /* WebView.swift */ = {isa = PBXFileReference; lastKnownFileType = sourcecode.swift; path = WebView.swift; sourceTree = "<group>"; };
		F00100000000000000000004 /* LoadingView.swift */ = {isa = PBXFileReference; lastKnownFileType = sourcecode.swift; path = LoadingView.swift; sourceTree = "<group>"; };
		F00100000000000000000005 /* ErrorView.swift */ = {isa = PBXFileReference; lastKnownFileType = sourcecode.swift; path = ErrorView.swift; sourceTree = "<group>"; };
		F00100000000000000000006 /* RegionDetector.swift */ = {isa = PBXFileReference; lastKnownFileType = sourcecode.swift; path = RegionDetector.swift; sourceTree = "<group>"; };
		F00100000000000000000007 /* WebResourceResolver.swift */ = {isa = PBXFileReference; lastKnownFileType = sourcecode.swift; path = WebResourceResolver.swift; sourceTree = "<group>"; };
		F00100000000000000000008 /* AppBootstrapper.swift */ = {isa = PBXFileReference; lastKnownFileType = sourcecode.swift; path = AppBootstrapper.swift; sourceTree = "<group>"; };
		F00100000000000000000009 /* AppRegion.swift */ = {isa = PBXFileReference; lastKnownFileType = sourcecode.swift; path = AppRegion.swift; sourceTree = "<group>"; };
		F00100000000000000000010 /* WebBundleVariant.swift */ = {isa = PBXFileReference; lastKnownFileType = sourcecode.swift; path = WebBundleVariant.swift; sourceTree = "<group>"; };
		F00100000000000000000011 /* AppConfig.swift */ = {isa = PBXFileReference; lastKnownFileType = sourcecode.swift; path = AppConfig.swift; sourceTree = "<group>"; };
		F00100000000000000000012 /* Web */ = {isa = PBXFileReference; lastKnownFileType = folder; path = Web; sourceTree = "<group>"; };
		F00100000000000000000013 /* ChemVault.app */ = {isa = PBXFileReference; explicitFileType = wrapper.application; includeInIndex = 0; path = ChemVault.app; sourceTree = BUILT_PRODUCTS_DIR; };
		F00100000000000000000014 /* ChemVault macOS.app */ = {isa = PBXFileReference; explicitFileType = wrapper.application; includeInIndex = 0; path = "ChemVault macOS.app"; sourceTree = BUILT_PRODUCTS_DIR; };
/* End PBXFileReference section */

/* Begin PBXFrameworksBuildPhase section */
		P00100000000000000000001 /* Frameworks */ = {isa = PBXFrameworksBuildPhase; buildActionMask = 2147483647; files = (); runOnlyForDeploymentPostprocessing = 0; };
		P00200000000000000000001 /* Frameworks */ = {isa = PBXFrameworksBuildPhase; buildActionMask = 2147483647; files = (); runOnlyForDeploymentPostprocessing = 0; };
/* End PBXFrameworksBuildPhase section */

/* Begin PBXGroup section */
		G00100000000000000000001 = {isa = PBXGroup; children = (G00100000000000000000002 /* ChemVaultApp */, G00100000000000000000009 /* Products */); sourceTree = "<group>"; };
		G00100000000000000000002 /* ChemVaultApp */ = {isa = PBXGroup; children = (G00100000000000000000003 /* App */, G00100000000000000000004 /* Views */, G00100000000000000000005 /* Services */, G00100000000000000000006 /* Models */, G00100000000000000000007 /* Config */, G00100000000000000000008 /* Resources */); path = ChemVaultApp; sourceTree = "<group>"; };
		G00100000000000000000003 /* App */ = {isa = PBXGroup; children = (F00100000000000000000001 /* ChemVaultApp.swift */); path = App; sourceTree = "<group>"; };
		G00100000000000000000004 /* Views */ = {isa = PBXGroup; children = (F00100000000000000000002 /* RootView.swift */, F00100000000000000000003 /* WebView.swift */, F00100000000000000000004 /* LoadingView.swift */, F00100000000000000000005 /* ErrorView.swift */); path = Views; sourceTree = "<group>"; };
		G00100000000000000000005 /* Services */ = {isa = PBXGroup; children = (F00100000000000000000006 /* RegionDetector.swift */, F00100000000000000000007 /* WebResourceResolver.swift */, F00100000000000000000008 /* AppBootstrapper.swift */); path = Services; sourceTree = "<group>"; };
		G00100000000000000000006 /* Models */ = {isa = PBXGroup; children = (F00100000000000000000009 /* AppRegion.swift */, F00100000000000000000010 /* WebBundleVariant.swift */); path = Models; sourceTree = "<group>"; };
		G00100000000000000000007 /* Config */ = {isa = PBXGroup; children = (F00100000000000000000011 /* AppConfig.swift */); path = Config; sourceTree = "<group>"; };
		G00100000000000000000008 /* Resources */ = {isa = PBXGroup; children = (F00100000000000000000012 /* Web */); path = Resources; sourceTree = "<group>"; };
		G00100000000000000000009 /* Products */ = {isa = PBXGroup; children = (F00100000000000000000013 /* ChemVault.app */, F00100000000000000000014 /* ChemVault macOS.app */); name = Products; sourceTree = "<group>"; };
/* End PBXGroup section */

/* Begin PBXNativeTarget section */
		T00100000000000000000001 /* ChemVault iOS */ = {isa = PBXNativeTarget; buildConfigurationList = C00100000000000000000001 /* Build configuration list for PBXNativeTarget \"ChemVault iOS\" */; buildPhases = (S00100000000000000000001 /* Sources */, P00100000000000000000001 /* Frameworks */, R00100000000000000000001 /* Resources */); buildRules = (); dependencies = (); name = "ChemVault iOS"; productName = ChemVault; productReference = F00100000000000000000013 /* ChemVault.app */; productType = "com.apple.product-type.application"; };
		T00200000000000000000001 /* ChemVault macOS */ = {isa = PBXNativeTarget; buildConfigurationList = C00200000000000000000001 /* Build configuration list for PBXNativeTarget \"ChemVault macOS\" */; buildPhases = (S00200000000000000000001 /* Sources */, P00200000000000000000001 /* Frameworks */, R00200000000000000000001 /* Resources */); buildRules = (); dependencies = (); name = "ChemVault macOS"; productName = "ChemVault macOS"; productReference = F00100000000000000000014 /* ChemVault macOS.app */; productType = "com.apple.product-type.application"; };
/* End PBXNativeTarget section */

/* Begin PBXProject section */
		P00000000000000000000001 /* Project object */ = {isa = PBXProject; attributes = {BuildIndependentTargetsInParallel = 1; LastSwiftUpdateCheck = 1600; LastUpgradeCheck = 1600; TargetAttributes = {T00100000000000000000001 = {CreatedOnToolsVersion = 16.0;}; T00200000000000000000001 = {CreatedOnToolsVersion = 16.0;};};}; buildConfigurationList = C00000000000000000000001 /* Build configuration list for PBXProject \"ChemVaultApp\" */; compatibilityVersion = "Xcode 14.0"; developmentRegion = en; hasScannedForEncodings = 0; knownRegions = (en, Base, zh_Hans); mainGroup = G00100000000000000000001; productRefGroup = G00100000000000000000009 /* Products */; projectDirPath = ""; projectRoot = ""; targets = (T00100000000000000000001 /* ChemVault iOS */, T00200000000000000000001 /* ChemVault macOS */); };
/* End PBXProject section */

/* Begin PBXResourcesBuildPhase section */
		R00100000000000000000001 /* Resources */ = {isa = PBXResourcesBuildPhase; buildActionMask = 2147483647; files = (B00100000000000000000012 /* Web in Resources */); runOnlyForDeploymentPostprocessing = 0; };
		R00200000000000000000001 /* Resources */ = {isa = PBXResourcesBuildPhase; buildActionMask = 2147483647; files = (B00200000000000000000012 /* Web in Resources */); runOnlyForDeploymentPostprocessing = 0; };
/* End PBXResourcesBuildPhase section */

/* Begin PBXSourcesBuildPhase section */
		S00100000000000000000001 /* Sources */ = {isa = PBXSourcesBuildPhase; buildActionMask = 2147483647; files = (B00100000000000000000001, B00100000000000000000002, B00100000000000000000003, B00100000000000000000004, B00100000000000000000005, B00100000000000000000006, B00100000000000000000007, B00100000000000000000008, B00100000000000000000009, B00100000000000000000010, B00100000000000000000011); runOnlyForDeploymentPostprocessing = 0; };
		S00200000000000000000001 /* Sources */ = {isa = PBXSourcesBuildPhase; buildActionMask = 2147483647; files = (B00200000000000000000001, B00200000000000000000002, B00200000000000000000003, B00200000000000000000004, B00200000000000000000005, B00200000000000000000006, B00200000000000000000007, B00200000000000000000008, B00200000000000000000009, B00200000000000000000010, B00200000000000000000011); runOnlyForDeploymentPostprocessing = 0; };
/* End PBXSourcesBuildPhase section */

/* Begin XCBuildConfiguration section */
		C00000000000000000000002 /* Debug */ = {isa = XCBuildConfiguration; buildSettings = {ALWAYS_SEARCH_USER_PATHS = NO; CLANG_ANALYZER_NONNULL = YES; CLANG_ANALYZER_NUMBER_OBJECT_CONVERSION = YES_AGGRESSIVE; CLANG_CXX_LANGUAGE_STANDARD = "gnu++20"; CLANG_ENABLE_MODULES = YES; CLANG_ENABLE_OBJC_ARC = YES; CLANG_ENABLE_OBJC_WEAK = YES; CLANG_WARN_BLOCK_CAPTURE_AUTORELEASING = YES; CLANG_WARN_BOOL_CONVERSION = YES; CLANG_WARN_COMMA = YES; CLANG_WARN_CONSTANT_CONVERSION = YES; CLANG_WARN_DEPRECATED_OBJC_IMPLEMENTATIONS = YES; CLANG_WARN_DIRECT_OBJC_ISA_USAGE = YES_ERROR; CLANG_WARN_DOCUMENTATION_COMMENTS = YES; CLANG_WARN_EMPTY_BODY = YES; CLANG_WARN_ENUM_CONVERSION = YES; CLANG_WARN_INFINITE_RECURSION = YES; CLANG_WARN_INT_CONVERSION = YES; CLANG_WARN_NON_LITERAL_NULL_CONVERSION = YES; CLANG_WARN_OBJC_IMPLICIT_RETAIN_SELF = YES; CLANG_WARN_OBJC_LITERAL_CONVERSION = YES; CLANG_WARN_OBJC_ROOT_CLASS = YES_ERROR; CLANG_WARN_QUOTED_INCLUDE_IN_FRAMEWORK_HEADER = YES; CLANG_WARN_RANGE_LOOP_ANALYSIS = YES; CLANG_WARN_STRICT_PROTOTYPES = YES; CLANG_WARN_SUSPICIOUS_MOVE = YES; CLANG_WARN_UNGUARDED_AVAILABILITY = YES_AGGRESSIVE; CLANG_WARN_UNREACHABLE_CODE = YES; CLANG_WARN__DUPLICATE_METHOD_MATCH = YES; COPY_PHASE_STRIP = NO; DEBUG_INFORMATION_FORMAT = dwarf; ENABLE_STRICT_OBJC_MSGSEND = YES; ENABLE_TESTABILITY = YES; GCC_C_LANGUAGE_STANDARD = gnu17; GCC_DYNAMIC_NO_PIC = NO; GCC_NO_COMMON_BLOCKS = YES; GCC_OPTIMIZATION_LEVEL = 0; GCC_PREPROCESSOR_DEFINITIONS = ("DEBUG=1", "$(inherited)"); GCC_WARN_64_TO_32_BIT_CONVERSION = YES; GCC_WARN_ABOUT_RETURN_TYPE = YES_ERROR; GCC_WARN_UNDECLARED_SELECTOR = YES; GCC_WARN_UNINITIALIZED_AUTOS = YES_AGGRESSIVE; GCC_WARN_UNUSED_FUNCTION = YES; GCC_WARN_UNUSED_VARIABLE = YES; ONLY_ACTIVE_ARCH = YES; SWIFT_ACTIVE_COMPILATION_CONDITIONS = DEBUG; SWIFT_OPTIMIZATION_LEVEL = "-Onone"; }; name = Debug; };
		C00000000000000000000003 /* Release */ = {isa = XCBuildConfiguration; buildSettings = {ALWAYS_SEARCH_USER_PATHS = NO; CLANG_ANALYZER_NONNULL = YES; CLANG_ANALYZER_NUMBER_OBJECT_CONVERSION = YES_AGGRESSIVE; CLANG_CXX_LANGUAGE_STANDARD = "gnu++20"; CLANG_ENABLE_MODULES = YES; CLANG_ENABLE_OBJC_ARC = YES; CLANG_ENABLE_OBJC_WEAK = YES; CLANG_WARN_BLOCK_CAPTURE_AUTORELEASING = YES; CLANG_WARN_BOOL_CONVERSION = YES; CLANG_WARN_COMMA = YES; CLANG_WARN_CONSTANT_CONVERSION = YES; CLANG_WARN_DEPRECATED_OBJC_IMPLEMENTATIONS = YES; CLANG_WARN_DIRECT_OBJC_ISA_USAGE = YES_ERROR; CLANG_WARN_DOCUMENTATION_COMMENTS = YES; CLANG_WARN_EMPTY_BODY = YES; CLANG_WARN_ENUM_CONVERSION = YES; CLANG_WARN_INFINITE_RECURSION = YES; CLANG_WARN_INT_CONVERSION = YES; CLANG_WARN_NON_LITERAL_NULL_CONVERSION = YES; CLANG_WARN_OBJC_IMPLICIT_RETAIN_SELF = YES; CLANG_WARN_OBJC_LITERAL_CONVERSION = YES; CLANG_WARN_OBJC_ROOT_CLASS = YES_ERROR; CLANG_WARN_QUOTED_INCLUDE_IN_FRAMEWORK_HEADER = YES; CLANG_WARN_RANGE_LOOP_ANALYSIS = YES; CLANG_WARN_STRICT_PROTOTYPES = YES; CLANG_WARN_SUSPICIOUS_MOVE = YES; CLANG_WARN_UNGUARDED_AVAILABILITY = YES_AGGRESSIVE; CLANG_WARN_UNREACHABLE_CODE = YES; CLANG_WARN__DUPLICATE_METHOD_MATCH = YES; COPY_PHASE_STRIP = NO; DEBUG_INFORMATION_FORMAT = "dwarf-with-dsym"; ENABLE_NS_ASSERTIONS = NO; ENABLE_STRICT_OBJC_MSGSEND = YES; GCC_C_LANGUAGE_STANDARD = gnu17; GCC_NO_COMMON_BLOCKS = YES; GCC_WARN_64_TO_32_BIT_CONVERSION = YES; GCC_WARN_ABOUT_RETURN_TYPE = YES_ERROR; GCC_WARN_UNDECLARED_SELECTOR = YES; GCC_WARN_UNINITIALIZED_AUTOS = YES_AGGRESSIVE; GCC_WARN_UNUSED_FUNCTION = YES; GCC_WARN_UNUSED_VARIABLE = YES; SWIFT_COMPILATION_MODE = wholemodule; SWIFT_OPTIMIZATION_LEVEL = "-O"; }; name = Release; };
		C00100000000000000000002 /* Debug */ = {isa = XCBuildConfiguration; buildSettings = {ASSETCATALOG_COMPILER_GLOBAL_ACCENT_COLOR_NAME = AccentColor; CODE_SIGN_STYLE = Automatic; CURRENT_PROJECT_VERSION = 1; DEVELOPMENT_ASSET_PATHS = ""; ENABLE_PREVIEWS = YES; GENERATE_INFOPLIST_FILE = YES; INFOPLIST_KEY_CFBundleDisplayName = ChemVault; INFOPLIST_KEY_LSApplicationCategoryType = "public.app-category.education"; INFOPLIST_KEY_NSHumanReadableCopyright = "Copyright © 2026 ChemVault"; INFOPLIST_KEY_UIApplicationSceneManifest_Generation = YES; INFOPLIST_KEY_UIApplicationSupportsIndirectInputEvents = YES; INFOPLIST_KEY_UILaunchScreen_Generation = YES; INFOPLIST_KEY_UISupportedInterfaceOrientations = "UIInterfaceOrientationPortrait UIInterfaceOrientationLandscapeLeft UIInterfaceOrientationLandscapeRight"; INFOPLIST_KEY_UISupportedInterfaceOrientations_iPad = "UIInterfaceOrientationPortrait UIInterfaceOrientationPortraitUpsideDown UIInterfaceOrientationLandscapeLeft UIInterfaceOrientationLandscapeRight"; IPHONEOS_DEPLOYMENT_TARGET = 16.0; MARKETING_VERSION = 1.0; PRODUCT_BUNDLE_IDENTIFIER = science.chemvault.app; PRODUCT_NAME = ChemVault; SDKROOT = iphoneos; SUPPORTED_PLATFORMS = "iphoneos iphonesimulator"; SWIFT_EMIT_LOC_STRINGS = YES; SWIFT_VERSION = 5.0; TARGETED_DEVICE_FAMILY = "1,2"; }; name = Debug; };
		C00100000000000000000003 /* Release */ = {isa = XCBuildConfiguration; buildSettings = {ASSETCATALOG_COMPILER_GLOBAL_ACCENT_COLOR_NAME = AccentColor; CODE_SIGN_STYLE = Automatic; CURRENT_PROJECT_VERSION = 1; DEVELOPMENT_ASSET_PATHS = ""; ENABLE_PREVIEWS = YES; GENERATE_INFOPLIST_FILE = YES; INFOPLIST_KEY_CFBundleDisplayName = ChemVault; INFOPLIST_KEY_LSApplicationCategoryType = "public.app-category.education"; INFOPLIST_KEY_NSHumanReadableCopyright = "Copyright © 2026 ChemVault"; INFOPLIST_KEY_UIApplicationSceneManifest_Generation = YES; INFOPLIST_KEY_UIApplicationSupportsIndirectInputEvents = YES; INFOPLIST_KEY_UILaunchScreen_Generation = YES; INFOPLIST_KEY_UISupportedInterfaceOrientations = "UIInterfaceOrientationPortrait UIInterfaceOrientationLandscapeLeft UIInterfaceOrientationLandscapeRight"; INFOPLIST_KEY_UISupportedInterfaceOrientations_iPad = "UIInterfaceOrientationPortrait UIInterfaceOrientationPortraitUpsideDown UIInterfaceOrientationLandscapeLeft UIInterfaceOrientationLandscapeRight"; IPHONEOS_DEPLOYMENT_TARGET = 16.0; MARKETING_VERSION = 1.0; PRODUCT_BUNDLE_IDENTIFIER = science.chemvault.app; PRODUCT_NAME = ChemVault; SDKROOT = iphoneos; SUPPORTED_PLATFORMS = "iphoneos iphonesimulator"; SWIFT_EMIT_LOC_STRINGS = YES; SWIFT_VERSION = 5.0; TARGETED_DEVICE_FAMILY = "1,2"; }; name = Release; };
		C00200000000000000000002 /* Debug */ = {isa = XCBuildConfiguration; buildSettings = {CODE_SIGN_STYLE = Automatic; COMBINE_HIDPI_IMAGES = YES; CURRENT_PROJECT_VERSION = 1; ENABLE_PREVIEWS = YES; GENERATE_INFOPLIST_FILE = YES; INFOPLIST_KEY_CFBundleDisplayName = ChemVault; INFOPLIST_KEY_LSApplicationCategoryType = "public.app-category.education"; INFOPLIST_KEY_NSHumanReadableCopyright = "Copyright © 2026 ChemVault"; MACOSX_DEPLOYMENT_TARGET = 13.0; MARKETING_VERSION = 1.0; PRODUCT_BUNDLE_IDENTIFIER = science.chemvault.app; PRODUCT_NAME = ChemVault; SDKROOT = macosx; SUPPORTED_PLATFORMS = macosx; SWIFT_EMIT_LOC_STRINGS = YES; SWIFT_VERSION = 5.0; }; name = Debug; };
		C00200000000000000000003 /* Release */ = {isa = XCBuildConfiguration; buildSettings = {CODE_SIGN_STYLE = Automatic; COMBINE_HIDPI_IMAGES = YES; CURRENT_PROJECT_VERSION = 1; ENABLE_PREVIEWS = YES; GENERATE_INFOPLIST_FILE = YES; INFOPLIST_KEY_CFBundleDisplayName = ChemVault; INFOPLIST_KEY_LSApplicationCategoryType = "public.app-category.education"; INFOPLIST_KEY_NSHumanReadableCopyright = "Copyright © 2026 ChemVault"; MACOSX_DEPLOYMENT_TARGET = 13.0; MARKETING_VERSION = 1.0; PRODUCT_BUNDLE_IDENTIFIER = science.chemvault.app; PRODUCT_NAME = ChemVault; SDKROOT = macosx; SUPPORTED_PLATFORMS = macosx; SWIFT_EMIT_LOC_STRINGS = YES; SWIFT_VERSION = 5.0; }; name = Release; };
/* End XCBuildConfiguration section */

/* Begin XCConfigurationList section */
		C00000000000000000000001 /* Build configuration list for PBXProject \"ChemVaultApp\" */ = {isa = XCConfigurationList; buildConfigurations = (C00000000000000000000002 /* Debug */, C00000000000000000000003 /* Release */); defaultConfigurationIsVisible = 0; defaultConfigurationName = Release; };
		C00100000000000000000001 /* Build configuration list for PBXNativeTarget \"ChemVault iOS\" */ = {isa = XCConfigurationList; buildConfigurations = (C00100000000000000000002 /* Debug */, C00100000000000000000003 /* Release */); defaultConfigurationIsVisible = 0; defaultConfigurationName = Release; };
		C00200000000000000000001 /* Build configuration list for PBXNativeTarget \"ChemVault macOS\" */ = {isa = XCConfigurationList; buildConfigurations = (C00200000000000000000002 /* Debug */, C00200000000000000000003 /* Release */); defaultConfigurationIsVisible = 0; defaultConfigurationName = Release; };
/* End XCConfigurationList section */
	};
	rootObject = P00000000000000000000001 /* Project object */;
}
